github.com/eycorsican/go-tun2socks v1.16.2 h1:pczsTNxP9NBDAsE9lhTnXoh6VLRf8FaZP2JBLv3KLWA=
github.com/eycorsican/go-tun2socks v1.16.2/go.mod h1:itJVcg8T4Lc1r+72CNpCV/SUNO8of0z/jFeAt31cQbA=
github.com/golang/crypto v0.0.0-20190701094942-4def268fd1a4 h1:SqpWDZAu6UkmbvUTCtyNpBZLY8110TJ7bgxIki3pZw0=
github.com/golang/crypto v0.0.0-20190701094942-4def268fd1a4/go.mod h1:yigFU9vqHzYiE8UmvKecakEJjdnWj3jj499lnFckfCI=
github.com/golang/net v0.0.0-20190813141303-74dc4d7220e7 h1:0oy3VQWim3zJeCPQgw9ka5X1odfKEgRUxblrM6z/rCY=
github.com/golang/net v0.0.0-20190813141303-74dc4d7220e7/go.mod h1:z5CRVTTTmAJ677TzLLGU+0bjPO0LkuOLi4/5GtJWs/s=
github.com/golang/sys v0.0.0-20190813064441-fde4db37ae7a h1:hVLU4+cxX4r89gounKarktyMqZ2cx/5Y2jeGLtWqzUE=
github.com/golang/sys v0.0.0-20190813064441-fde4db37ae7a/go.mod h1:h1NjWce9XRLGQEsW7wpKNCjG9DtNlClVuFLEZdDNbEs=
github.com/golang/text v0.3.2/go.mod h1:bEr9sfX3Q8Zfm5fL9x+3itogRgK3+ptLWKqgva+5dAk=
golang.org/x/tools v0.0.0-20180917221912-90fa682c2a6e/go.mod h1:n7NCudcB/nEzxVGmLbDWY5pfWTLqBcC2KZ6jyYvM4mQ=
